
Microsoft Visual Studio Solution File, Format Version 12.00
Project("{FAE04EC0-301F-11D3-BF4B-00C04F79EFBC}") = "ComputerGraphics", "ComputerGraphics\ComputerGraphics.csproj", "{A785D50A-5E35-4DE6-A55D-09353B40F358}"
EndProject
Global
	GlobalSection(SolutionConfigurationPlatforms) = preSolution
		Debug|Any CPU = Debug|Any CPU
		Release|Any CPU = Release|Any CPU
	EndGlobalSection
	GlobalSection(ProjectConfigurationPlatforms) = postSolution
		{A785D50A-5E35-4DE6-A55D-09353B40F358}.Debug|Any CPU.ActiveCfg = Debug|Any CPU
		{A785D50A-5E35-4DE6-A55D-09353B40F358}.Debug|Any CPU.Build.0 = Debug|Any CPU
		{A785D50A-5E35-4DE6-A55D-09353B40F358}.Release|Any CPU.ActiveCfg = Release|Any CPU
		{A785D50A-5E35-4DE6-A55D-09353B40F358}.Release|Any CPU.Build.0 = Release|Any CPU
	EndGlobalSection
EndGlobal
